Microsoft Visual Studio Solution File, Format Version 11.00
# Visual Studio 2008

Project("{E5C8128A-316A-3AD3-33B2-7ECCD2F294FC}") = "FieldOfView", "Assembly-CSharp.csproj", "{BCF1B71C-7619-8E70-D76B-ABA8FDA964FB}"
EndProject
Project("{E5C8128A-316A-3AD3-33B2-7ECCD2F294FC}") = "FieldOfView", "Assembly-CSharp-Editor.csproj", "{33E12195-83E6-49F6-3AA2-9E0591AE40DC}"
EndProject
Global
	GlobalSection(SolutionConfigurationPlatforms) = preSolution
		Debug|Any CPU = Debug|Any CPU
		Release|Any CPU = Release|Any CPU
	EndGlobalSection
	GlobalSection(ProjectConfigurationPlatforms) = postSolution
		{BCF1B71C-7619-8E70-D76B-ABA8FDA964FB}.Debug|Any CPU.ActiveCfg = Debug|Any CPU
		{BCF1B71C-7619-8E70-D76B-ABA8FDA964FB}.Debug|Any CPU.Build.0 = Debug|Any CPU
		{BCF1B71C-7619-8E70-D76B-ABA8FDA964FB}.Release|Any CPU.ActiveCfg = Release|Any CPU
		{BCF1B71C-7619-8E70-D76B-ABA8FDA964FB}.Release|Any CPU.Build.0 = Release|Any CPU
		{33E12195-83E6-49F6-3AA2-9E0591AE40DC}.Debug|Any CPU.ActiveCfg = Debug|Any CPU
		{33E12195-83E6-49F6-3AA2-9E0591AE40DC}.Debug|Any CPU.Build.0 = Debug|Any CPU
		{33E12195-83E6-49F6-3AA2-9E0591AE40DC}.Release|Any CPU.ActiveCfg = Release|Any CPU
		{33E12195-83E6-49F6-3AA2-9E0591AE40DC}.Release|Any CPU.Build.0 = Release|Any CPU
	EndGlobalSection
	GlobalSection(SolutionProperties) = preSolution
		HideSolutionNode = FALSE
	EndGlobalSection
	GlobalSection(MonoDevelopProperties) = preSolution
		StartupItem = Assembly-CSharp.csproj
	EndGlobalSection
EndGlobal
